<?xml version="1.0" encoding="utf-8"?>
<Project ToolsVersion="4.0" xmlns="http://schemas.microsoft.com/developer/msbuild/2003">
  <ItemGroup>
    <Filter Include="entities">
      <UniqueIdentifier>{f9df12ff-eb06-41ba-b207-ae4cdad169a2}</UniqueIdentifier>
    </Filter>
    <Filter Include="game_play">
      <UniqueIdentifier>{ac8c8fe2-e948-4bf9-b512-65639fd5de8c}</UniqueIdentifier>
    </Filter>
    <Filter Include="game_settings">
      <UniqueIdentifier>{7010f22a-8c85-411f-8fd9-a595927000b9}</UniqueIdentifier>
    </Filter>
  </ItemGroup>
  <ItemGroup>
    <ClCompile Include="src\main.cpp" />
    <ClCompile Include="src\game_play\GameRun.cpp" />
    <ClCompile Include="src\game_play\GameUI.cpp" />
  </ItemGroup>
  <ItemGroup>
    <ClInclude Include="src\game_play\GameRun.h" />
    <ClInclude Include="src\game_play\GameUI.h" />
  </ItemGroup>
</Project>